Microsoft Visual Studio Solution File, Format Version 7.00
Project("{8BC9CEB8-8B4A-11D0-8D11-00A0C91BC942}") = "CGuiAccess", "..\CGuiAccess\CGuiAccess.vcproj", "{17D995D2-C035-40CC-9202-4BE4DF5CE59C}"
EndProject
Project("{8BC9CEB8-8B4A-11D0-8D11-00A0C91BC942}") = "CGuiFlatTabbedView", "..\CGuiFlatTabbedView\CGuiFlatTabbedView.vcproj", "{995DDD4C-F566-4A29-976C-903626F5692D}"
EndProject
Project("{8BC9CEB8-8B4A-11D0-8D11-00A0C91BC942}") = "CGuiOfficeDemo", "..\CGuiOfficeDemo\CGuiOfficeDemo.vcproj", "{68296392-CD5D-4888-AE42-F74D24C0883E}"
EndProject
Project("{8BC9CEB8-8B4A-11D0-8D11-00A0C91BC942}") = "CGuiPowerPoint", "..\CGuiPowerPoint\CGuiPowerPoint.vcproj", "{16421762-51B6-41D6-911B-EBCF64C17389}"
EndProject
Project("{8BC9CEB8-8B4A-11D0-8D11-00A0C91BC942}") = "CGuiTabbedDemo", "..\CGuiTabbedDemo\CGuiTabbedDemo.vcproj", "{0B0D83FA-2559-4166-99D4-69F152C67C23}"
EndProject
Project("{8BC9CEB8-8B4A-11D0-8D11-00A0C91BC942}") = "DialogExcelTabs", "..\DialogExcelTabs\DialogExcelTabs.vcproj", "{2612D475-8580-4DBE-8A28-96838E557F37}"
EndProject
Project("{8BC9CEB8-8B4A-11D0-8D11-00A0C91BC942}") = "EditListBox", "..\EditListBox\EditListBox.vcproj", "{F4E2B98B-DF50-453C-8028-FEFC41D59CD8}"
EndProject
Project("{8BC9CEB8-8B4A-11D0-8D11-00A0C91BC942}") = "GuiAdoTest", "..\GuiAdoTest\GuiAdoTest.vcproj", "{132EEBBD-12A9-49AE-A2C6-A3BB567780BF}"
EndProject
Project("{8BC9CEB8-8B4A-11D0-8D11-00A0C91BC942}") = "GuiHeaderControl", "..\GuiHeaderControl\GuiHeaderControl.vcproj", "{57EDADDF-C922-45EB-B5DD-09A68CF41887}"
EndProject
Project("{8BC9CEB8-8B4A-11D0-8D11-00A0C91BC942}") = "GuiLib", "GuiLib.vcproj", "{D9993911-6546-4624-95D8-CBEEC39FD376}"
EndProject
Project("{059D6162-CD51-11D0-AE1F-00A0C90FFFC3}") = "GuiLibStatic", "GuiLibStatic\GuiLibStatic.dsp", "{B4B76F88-75E5-480B-802D-2B52B62AC6D2}"
EndProject
Project("{8BC9CEB8-8B4A-11D0-8D11-00A0C91BC942}") = "GuiPanelAccessDemo", "..\GuiPanelAccessDemo\GuiPanelAccessDemo.vcproj", "{02FE5BE5-4063-48E7-8A82-C37F38556292}"
EndProject
Project("{8BC9CEB8-8B4A-11D0-8D11-00A0C91BC942}") = "GuiVisioDemo", "..\GuiVisioDemo\GuiVisioDemo.vcproj", "{923D3536-C86E-472C-A7C5-E47D38D4CD7D}"
EndProject
Project("{8BC9CEB8-8B4A-11D0-8D11-00A0C91BC942}") = "Gui_DevStudio", "..\Gui_DevStudio\Gui_DevStudio.vcproj", "{40CCB99F-130F-433A-AD8A-A911741C3D4F}"
EndProject
Project("{8BC9CEB8-8B4A-11D0-8D11-00A0C91BC942}") = "OutlookDemo", "..\OutlookDemo\OutlookDemo.vcproj", "{6A85DDE9-DDEE-4687-AFFC-97047C52E6B6}"
EndProject
Project("{8BC9CEB8-8B4A-11D0-8D11-00A0C91BC942}") = "TestDlg", "..\TestDlg\TestDlg.vcproj", "{00A2DE31-5374-4905-950F-DAA923093088}"
EndProject
Project("{8BC9CEB8-8B4A-11D0-8D11-00A0C91BC942}") = "ToolBarsDemo", "..\ToolBarsDemo\ToolBarsDemo.vcproj", "{E737757D-E4B4-4096-8C4E-5DEB9A52DAAA}"
EndProject
Project("{8BC9CEB8-8B4A-11D0-8D11-00A0C91BC942}") = "dialogcontrols", "..\dialogcontrols\dialogcontrols.vcproj", "{3469350B-69BE-4DB8-9EA9-2D259CB3B670}"
EndProject
Global
	GlobalSection(SolutionConfiguration) = preSolution
		ConfigName.0 = Debug
		ConfigName.1 = Release
	EndGlobalSection
	GlobalSection(ProjectDependencies) = postSolution
		{D9993911-6546-4624-95D8-CBEEC39FD376}.0 = {E737757D-E4B4-4096-8C4E-5DEB9A52DAAA}
		{D9993911-6546-4624-95D8-CBEEC39FD376}.1 = {995DDD4C-F566-4A29-976C-903626F5692D}
		{D9993911-6546-4624-95D8-CBEEC39FD376}.2 = {02FE5BE5-4063-48E7-8A82-C37F38556292}
		{D9993911-6546-4624-95D8-CBEEC39FD376}.3 = {0B0D83FA-2559-4166-99D4-69F152C67C23}
		{D9993911-6546-4624-95D8-CBEEC39FD376}.4 = {2612D475-8580-4DBE-8A28-96838E557F37}
		{D9993911-6546-4624-95D8-CBEEC39FD376}.5 = {3469350B-69BE-4DB8-9EA9-2D259CB3B670}
		{D9993911-6546-4624-95D8-CBEEC39FD376}.6 = {57EDADDF-C922-45EB-B5DD-09A68CF41887}
		{D9993911-6546-4624-95D8-CBEEC39FD376}.7 = {17D995D2-C035-40CC-9202-4BE4DF5CE59C}
		{D9993911-6546-4624-95D8-CBEEC39FD376}.8 = {132EEBBD-12A9-49AE-A2C6-A3BB567780BF}
		{D9993911-6546-4624-95D8-CBEEC39FD376}.9 = {923D3536-C86E-472C-A7C5-E47D38D4CD7D}
	EndGlobalSection
	GlobalSection(ProjectConfiguration) = postSolution
		{17D995D2-C035-40CC-9202-4BE4DF5CE59C}.Debug.ActiveCfg = Debug|Win32
		{17D995D2-C035-40CC-9202-4BE4DF5CE59C}.Debug.Build.0 = Debug|Win32
		{17D995D2-C035-40CC-9202-4BE4DF5CE59C}.Release.ActiveCfg = Release|Win32
		{17D995D2-C035-40CC-9202-4BE4DF5CE59C}.Release.Build.0 = Release|Win32
		{995DDD4C-F566-4A29-976C-903626F5692D}.Debug.ActiveCfg = Debug|Win32
		{995DDD4C-F566-4A29-976C-903626F5692D}.Debug.Build.0 = Debug|Win32
		{995DDD4C-F566-4A29-976C-903626F5692D}.Release.ActiveCfg = Release|Win32
		{995DDD4C-F566-4A29-976C-903626F5692D}.Release.Build.0 = Release|Win32
		{68296392-CD5D-4888-AE42-F74D24C0883E}.Debug.ActiveCfg = Debug|Win32
		{68296392-CD5D-4888-AE42-F74D24C0883E}.Debug.Build.0 = Debug|Win32
		{68296392-CD5D-4888-AE42-F74D24C0883E}.Release.ActiveCfg = Release|Win32
		{68296392-CD5D-4888-AE42-F74D24C0883E}.Release.Build.0 = Release|Win32
		{0B0D83FA-2559-4166-99D4-69F152C67C23}.Debug.ActiveCfg = Debug|Win32
		{0B0D83FA-2559-4166-99D4-69F152C67C23}.Debug.Build.0 = Debug|Win32
		{0B0D83FA-2559-4166-99D4-69F152C67C23}.Release.ActiveCfg = Release|Win32
		{0B0D83FA-2559-4166-99D4-69F152C67C23}.Release.Build.0 = Release|Win32
		{2612D475-8580-4DBE-8A28-96838E557F37}.Debug.ActiveCfg = Debug|Win32
		{2612D475-8580-4DBE-8A28-96838E557F37}.Debug.Build.0 = Debug|Win32
		{2612D475-8580-4DBE-8A28-96838E557F37}.Release.ActiveCfg = Release|Win32
		{2612D475-8580-4DBE-8A28-96838E557F37}.Release.Build.0 = Release|Win32
		{F4E2B98B-DF50-453C-8028-FEFC41D59CD8}.Debug.ActiveCfg = Debug|Win32
		{F4E2B98B-DF50-453C-8028-FEFC41D59CD8}.Debug.Build.0 = Debug|Win32
		{F4E2B98B-DF50-453C-8028-FEFC41D59CD8}.Release.ActiveCfg = Release|Win32
		{F4E2B98B-DF50-453C-8028-FEFC41D59CD8}.Release.Build.0 = Release|Win32
		{132EEBBD-12A9-49AE-A2C6-A3BB567780BF}.Debug.ActiveCfg = Debug|Win32
		{132EEBBD-12A9-49AE-A2C6-A3BB567780BF}.Debug.Build.0 = Debug|Win32
		{132EEBBD-12A9-49AE-A2C6-A3BB567780BF}.Release.ActiveCfg = Release|Win32
		{132EEBBD-12A9-49AE-A2C6-A3BB567780BF}.Release.Build.0 = Release|Win32
		{57EDADDF-C922-45EB-B5DD-09A68CF41887}.Debug.ActiveCfg = Debug|Win32
		{57EDADDF-C922-45EB-B5DD-09A68CF41887}.Debug.Build.0 = Debug|Win32
		{57EDADDF-C922-45EB-B5DD-09A68CF41887}.Release.ActiveCfg = Release|Win32
		{57EDADDF-C922-45EB-B5DD-09A68CF41887}.Release.Build.0 = Release|Win32
		{D9993911-6546-4624-95D8-CBEEC39FD376}.Debug.ActiveCfg = Debug|Win32
		{D9993911-6546-4624-95D8-CBEEC39FD376}.Debug.Build.0 = Debug|Win32
		{D9993911-6546-4624-95D8-CBEEC39FD376}.Release.ActiveCfg = Release|Win32
		{D9993911-6546-4624-95D8-CBEEC39FD376}.Release.Build.0 = Release|Win32
		{02FE5BE5-4063-48E7-8A82-C37F38556292}.Debug.ActiveCfg = Debug|Win32
		{02FE5BE5-4063-48E7-8A82-C37F38556292}.Debug.Build.0 = Debug|Win32
		{02FE5BE5-4063-48E7-8A82-C37F38556292}.Release.ActiveCfg = Release|Win32
		{02FE5BE5-4063-48E7-8A82-C37F38556292}.Release.Build.0 = Release|Win32
		{923D3536-C86E-472C-A7C5-E47D38D4CD7D}.Debug.ActiveCfg = Debug|Win32
		{923D3536-C86E-472C-A7C5-E47D38D4CD7D}.Debug.Build.0 = Debug|Win32
		{923D3536-C86E-472C-A7C5-E47D38D4CD7D}.Release.ActiveCfg = Release|Win32
		{923D3536-C86E-472C-A7C5-E47D38D4CD7D}.Release.Build.0 = Release|Win32
		{40CCB99F-130F-433A-AD8A-A911741C3D4F}.Debug.ActiveCfg = Debug|Win32
		{40CCB99F-130F-433A-AD8A-A911741C3D4F}.Debug.Build.0 = Debug|Win32
		{40CCB99F-130F-433A-AD8A-A911741C3D4F}.Release.ActiveCfg = Release|Win32
		{40CCB99F-130F-433A-AD8A-A911741C3D4F}.Release.Build.0 = Release|Win32
		{6A85DDE9-DDEE-4687-AFFC-97047C52E6B6}.Debug.ActiveCfg = Debug|Win32
		{6A85DDE9-DDEE-4687-AFFC-97047C52E6B6}.Debug.Build.0 = Debug|Win32
		{6A85DDE9-DDEE-4687-AFFC-97047C52E6B6}.Release.ActiveCfg = Release|Win32
		{6A85DDE9-DDEE-4687-AFFC-97047C52E6B6}.Release.Build.0 = Release|Win32
		{00A2DE31-5374-4905-950F-DAA923093088}.Debug.ActiveCfg = Debug|Win32
		{00A2DE31-5374-4905-950F-DAA923093088}.Debug.Build.0 = Debug|Win32
		{00A2DE31-5374-4905-950F-DAA923093088}.Release.ActiveCfg = Release|Win32
		{00A2DE31-5374-4905-950F-DAA923093088}.Release.Build.0 = Release|Win32
		{E737757D-E4B4-4096-8C4E-5DEB9A52DAAA}.Debug.ActiveCfg = Debug|Win32
		{E737757D-E4B4-4096-8C4E-5DEB9A52DAAA}.Debug.Build.0 = Debug|Win32
		{E737757D-E4B4-4096-8C4E-5DEB9A52DAAA}.Release.ActiveCfg = Release|Win32
		{E737757D-E4B4-4096-8C4E-5DEB9A52DAAA}.Release.Build.0 = Release|Win32
		{3469350B-69BE-4DB8-9EA9-2D259CB3B670}.Debug.ActiveCfg = Debug|Win32
		{3469350B-69BE-4DB8-9EA9-2D259CB3B670}.Debug.Build.0 = Debug|Win32
		{3469350B-69BE-4DB8-9EA9-2D259CB3B670}.Release.ActiveCfg = Release|Win32
		{3469350B-69BE-4DB8-9EA9-2D259CB3B670}.Release.Build.0 = Release|Win32
	EndGlobalSection
	GlobalSection(ExtensibilityGlobals) = postSolution
	EndGlobalSection
	GlobalSection(ExtensibilityAddIns) = postSolution
	EndGlobalSection
EndGlobal
